
Microsoft Visual Studio Solution File, Format Version 12.00
# Visual Studio Version 17
VisualStudioVersion = 17.11.35327.3
MinimumVisualStudioVersion = 10.0.40219.1
Project("{FAE04EC0-301F-11D3-BF4B-00C04F79EFBC}") = "Atividade_while_do_while_for", "Atividade_while_do_while_for\Atividade_while_do_while_for.csproj", "{C1EFE4FA-C065-498A-B45F-5B2113057BE0}"
EndProject
Project("{FAE04EC0-301F-11D3-BF4B-00C04F79EFBC}") = "ex01", "ex01\ex01.csproj", "{8A86007A-DED7-4A94-B869-F99CD4F56343}"
EndProject
Project("{FAE04EC0-301F-11D3-BF4B-00C04F79EFBC}") = "ex02", "ex02\ex02.csproj", "{3B48E5ED-8161-4F5E-9951-A3A120026C75}"
EndProject
Project("{FAE04EC0-301F-11D3-BF4B-00C04F79EFBC}") = "ex03", "ex03\ex03.csproj", "{A2333AF9-0A84-4D8E-A4A9-2761C3D96B65}"
EndProject
Project("{FAE04EC0-301F-11D3-BF4B-00C04F79EFBC}") = "ex04", "ex04\ex04.csproj", "{4962BD5E-2993-4A52-9C01-95D39CA20F95}"
EndProject
Project("{FAE04EC0-301F-11D3-BF4B-00C04F79EFBC}") = "ex05", "ex05\ex05.csproj", "{54973BFE-A762-4F8F-A3BB-9E9BA7D01854}"
EndProject
Project("{FAE04EC0-301F-11D3-BF4B-00C04F79EFBC}") = "ex06", "ex06\ex06.csproj", "{CA1B700F-2DBE-46B7-AE52-741FF872B0B8}"
EndProject
Project("{FAE04EC0-301F-11D3-BF4B-00C04F79EFBC}") = "ex07", "ex07\ex07.csproj", "{0DE5BDAC-8B89-4212-9088-491CCB388F2A}"
EndProject
Project("{FAE04EC0-301F-11D3-BF4B-00C04F79EFBC}") = "ex08", "ex08\ex08.csproj", "{9FC49D3F-CC46-4947-A06E-1435FA8247D7}"
EndProject
Project("{FAE04EC0-301F-11D3-BF4B-00C04F79EFBC}") = "ex09", "ex09\ex09.csproj", "{ADAB0C39-643C-4513-A0F6-4292E5F9AA2D}"
EndProject
Project("{FAE04EC0-301F-11D3-BF4B-00C04F79EFBC}") = "ex10", "ex10\ex10.csproj", "{B13C6E7B-0C07-4334-9CC7-CA613A5054EC}"
EndProject
Global
	GlobalSection(SolutionConfigurationPlatforms) = preSolution
		Debug|Any CPU = Debug|Any CPU
		Release|Any CPU = Release|Any CPU
	EndGlobalSection
	GlobalSection(ProjectConfigurationPlatforms) = postSolution
		{C1EFE4FA-C065-498A-B45F-5B2113057BE0}.Debug|Any CPU.ActiveCfg = Debug|Any CPU
		{C1EFE4FA-C065-498A-B45F-5B2113057BE0}.Debug|Any CPU.Build.0 = Debug|Any CPU
		{C1EFE4FA-C065-498A-B45F-5B2113057BE0}.Release|Any CPU.ActiveCfg = Release|Any CPU
		{C1EFE4FA-C065-498A-B45F-5B2113057BE0}.Release|Any CPU.Build.0 = Release|Any CPU
		{8A86007A-DED7-4A94-B869-F99CD4F56343}.Debug|Any CPU.ActiveCfg = Debug|Any CPU
		{8A86007A-DED7-4A94-B869-F99CD4F56343}.Debug|Any CPU.Build.0 = Debug|Any CPU
		{8A86007A-DED7-4A94-B869-F99CD4F56343}.Release|Any CPU.ActiveCfg = Release|Any CPU
		{8A86007A-DED7-4A94-B869-F99CD4F56343}.Release|Any CPU.Build.0 = Release|Any CPU
		{3B48E5ED-8161-4F5E-9951-A3A120026C75}.Debug|Any CPU.ActiveCfg = Debug|Any CPU
		{3B48E5ED-8161-4F5E-9951-A3A120026C75}.Debug|Any CPU.Build.0 = Debug|Any CPU
		{3B48E5ED-8161-4F5E-9951-A3A120026C75}.Release|Any CPU.ActiveCfg = Release|Any CPU
		{3B48E5ED-8161-4F5E-9951-A3A120026C75}.Release|Any CPU.Build.0 = Release|Any CPU
		{A2333AF9-0A84-4D8E-A4A9-2761C3D96B65}.Debug|Any CPU.ActiveCfg = Debug|Any CPU
		{A2333AF9-0A84-4D8E-A4A9-2761C3D96B65}.Debug|Any CPU.Build.0 = Debug|Any CPU
		{A2333AF9-0A84-4D8E-A4A9-2761C3D96B65}.Release|Any CPU.ActiveCfg = Release|Any CPU
		{A2333AF9-0A84-4D8E-A4A9-2761C3D96B65}.Release|Any CPU.Build.0 = Release|Any CPU
		{4962BD5E-2993-4A52-9C01-95D39CA20F95}.Debug|Any CPU.ActiveCfg = Debug|Any CPU
		{4962BD5E-2993-4A52-9C01-95D39CA20F95}.Debug|Any CPU.Build.0 = Debug|Any CPU
		{4962BD5E-2993-4A52-9C01-95D39CA20F95}.Release|Any CPU.ActiveCfg = Release|Any CPU
		{4962BD5E-2993-4A52-9C01-95D39CA20F95}.Release|Any CPU.Build.0 = Release|Any CPU
		{54973BFE-A762-4F8F-A3BB-9E9BA7D01854}.Debug|Any CPU.ActiveCfg = Debug|Any CPU
		{54973BFE-A762-4F8F-A3BB-9E9BA7D01854}.Debug|Any CPU.Build.0 = Debug|Any CPU
		{54973BFE-A762-4F8F-A3BB-9E9BA7D01854}.Release|Any CPU.ActiveCfg = Release|Any CPU
		{54973BFE-A762-4F8F-A3BB-9E9BA7D01854}.Release|Any CPU.Build.0 = Release|Any CPU
		{CA1B700F-2DBE-46B7-AE52-741FF872B0B8}.Debug|Any CPU.ActiveCfg = Debug|Any CPU
		{CA1B700F-2DBE-46B7-AE52-741FF872B0B8}.Debug|Any CPU.Build.0 = Debug|Any CPU
		{CA1B700F-2DBE-46B7-AE52-741FF872B0B8}.Release|Any CPU.ActiveCfg = Release|Any CPU
		{CA1B700F-2DBE-46B7-AE52-741FF872B0B8}.Release|Any CPU.Build.0 = Release|Any CPU
		{0DE5BDAC-8B89-4212-9088-491CCB388F2A}.Debug|Any CPU.ActiveCfg = Debug|Any CPU
		{0DE5BDAC-8B89-4212-9088-491CCB388F2A}.Debug|Any CPU.Build.0 = Debug|Any CPU
		{0DE5BDAC-8B89-4212-9088-491CCB388F2A}.Release|Any CPU.ActiveCfg = Release|Any CPU
		{0DE5BDAC-8B89-4212-9088-491CCB388F2A}.Release|Any CPU.Build.0 = Release|Any CPU
		{9FC49D3F-CC46-4947-A06E-1435FA8247D7}.Debug|Any CPU.ActiveCfg = Debug|Any CPU
		{9FC49D3F-CC46-4947-A06E-1435FA8247D7}.Debug|Any CPU.Build.0 = Debug|Any CPU
		{9FC49D3F-CC46-4947-A06E-1435FA8247D7}.Release|Any CPU.ActiveCfg = Release|Any CPU
		{9FC49D3F-CC46-4947-A06E-1435FA8247D7}.Release|Any CPU.Build.0 = Release|Any CPU
		{ADAB0C39-643C-4513-A0F6-4292E5F9AA2D}.Debug|Any CPU.ActiveCfg = Debug|Any CPU
		{ADAB0C39-643C-4513-A0F6-4292E5F9AA2D}.Debug|Any CPU.Build.0 = Debug|Any CPU
		{ADAB0C39-643C-4513-A0F6-4292E5F9AA2D}.Release|Any CPU.ActiveCfg = Release|Any CPU
		{ADAB0C39-643C-4513-A0F6-4292E5F9AA2D}.Release|Any CPU.Build.0 = Release|Any CPU
		{B13C6E7B-0C07-4334-9CC7-CA613A5054EC}.Debug|Any CPU.ActiveCfg = Debug|Any CPU
		{B13C6E7B-0C07-4334-9CC7-CA613A5054EC}.Debug|Any CPU.Build.0 = Debug|Any CPU
		{B13C6E7B-0C07-4334-9CC7-CA613A5054EC}.Release|Any CPU.ActiveCfg = Release|Any CPU
		{B13C6E7B-0C07-4334-9CC7-CA613A5054EC}.Release|Any CPU.Build.0 = Release|Any CPU
	EndGlobalSection
	GlobalSection(SolutionProperties) = preSolution
		HideSolutionNode = FALSE
	EndGlobalSection
	GlobalSection(ExtensibilityGlobals) = postSolution
		SolutionGuid = {4A313A94-962B-4B41-B4E0-92666D3E74DB}
	EndGlobalSection
EndGlobal
